
Microsoft Visual Studio Solution File, Format Version 12.00
# Visual Studio Version 16
VisualStudioVersion = 16.0.32002.261
MinimumVisualStudioVersion = 10.0.40219.1
Project("{FAE04EC0-301F-11D3-BF4B-00C04F79EFBC}") = "WebApplication32", "WebApplication32\WebApplication32.csproj", "{939CD622-A6E3-4FD0-B2FA-9D4B605291A4}"
EndProject
Global
	GlobalSection(SolutionConfigurationPlatforms) = preSolution
		Debug|Any CPU = Debug|Any CPU
		Release|Any CPU = Release|Any CPU
	EndGlobalSection
	GlobalSection(ProjectConfigurationPlatforms) = postSolution
		{939CD622-A6E3-4FD0-B2FA-9D4B605291A4}.Debug|Any CPU.ActiveCfg = Debug|Any CPU
		{939CD622-A6E3-4FD0-B2FA-9D4B605291A4}.Debug|Any CPU.Build.0 = Debug|Any CPU
		{939CD622-A6E3-4FD0-B2FA-9D4B605291A4}.Release|Any CPU.ActiveCfg = Release|Any CPU
		{939CD622-A6E3-4FD0-B2FA-9D4B605291A4}.Release|Any CPU.Build.0 = Release|Any CPU
	EndGlobalSection
	GlobalSection(SolutionProperties) = preSolution
		HideSolutionNode = FALSE
	EndGlobalSection
	GlobalSection(ExtensibilityGlobals) = postSolution
		SolutionGuid = {3C111DA4-7F22-458B-B53D-FC39D993E8E1}
	EndGlobalSection
EndGlobal
